{
  "originHash" : "4c743f65e060ea60d86be862684763ce7a3fc3ff58851e833ed6f4576bab8b34",
  "pins" : [
    {
      "identity" : "syncpolyfill",
      "kind" : "remoteSourceControl",
      "location" : "https://github.com/CharlesJS/SyncPolyfill",
      "state" : {
        "revision" : "e91d684e29f0aed3ff1f400769e87eb0854ae981",
        "version" : "0.1.1"
      }
    }
  ],
  "version" : 3
}
