{
  "originHash" : "8c0bbce829f3f3ae0062ff4a19c3fa77a3b12bad6c5b6923eb4f79d6c2ea6ae6",
  "pins" : [
    {
      "identity" : "syncpolyfill",
      "kind" : "remoteSourceControl",
      "location" : "https://github.com/CharlesJS/SyncPolyfill",
      "state" : {
        "revision" : "e91d684e29f0aed3ff1f400769e87eb0854ae981",
        "version" : "0.1.1"
      }
    }
  ],
  "version" : 3
}
