{
  "originHash" : "33f4161e60580625064fc461e22117d1bef4c6ccffb9c56c2e765dbf1b277375",
  "pins" : [
    {
      "identity" : "syncpolyfill",
      "kind" : "remoteSourceControl",
      "location" : "https://github.com/CharlesJS/SyncPolyfill",
      "state" : {
        "revision" : "e91d684e29f0aed3ff1f400769e87eb0854ae981",
        "version" : "0.1.1"
      }
    }
  ],
  "version" : 3
}
